
Microsoft Visual Studio Solution File, Format Version 12.00
# Visual Studio Version 16
VisualStudioVersion = 16.0.30002.166
MinimumVisualStudioVersion = 10.0.40219.1
Project("{FAE04EC0-301F-11D3-BF4B-00C04F79EFBC}") = "CrowdFundingApp", "CrowdFundingApp.csproj", "{491FEB9A-7FDD-4D00-BD27-9FADB41BB237}"
EndProject
Global
	GlobalSection(SolutionConfigurationPlatforms) = preSolution
		Debug|Any CPU = Debug|Any CPU
		Release|Any CPU = Release|Any CPU
	EndGlobalSection
	GlobalSection(ProjectConfigurationPlatforms) = postSolution
		{491FEB9A-7FDD-4D00-BD27-9FADB41BB237}.Debug|Any CPU.ActiveCfg = Debug|Any CPU
		{491FEB9A-7FDD-4D00-BD27-9FADB41BB237}.Debug|Any CPU.Build.0 = Debug|Any CPU
		{491FEB9A-7FDD-4D00-BD27-9FADB41BB237}.Release|Any CPU.ActiveCfg = Release|Any CPU
		{491FEB9A-7FDD-4D00-BD27-9FADB41BB237}.Release|Any CPU.Build.0 = Release|Any CPU
	EndGlobalSection
	GlobalSection(SolutionProperties) = preSolution
		HideSolutionNode = FALSE
	EndGlobalSection
	GlobalSection(ExtensibilityGlobals) = postSolution
		SolutionGuid = {A79F01A8-D8B5-4D8E-83B7-8C6B8BCFD0F3}
	EndGlobalSection
EndGlobal
